github.com/Manapaly/goCheck v0.0.0-20230131113652-ac68bb88d8d0 h1:1UD6k9UUtsSotoCS5DNqYGZbnkD2O940LTqF98PtDQA=
github.com/Manapaly/goCheck v0.0.0-20230131113652-ac68bb88d8d0/go.mod h1:A8ML05BfeUm9KiYdLKXxKTdhHLpVHA5CWrZMr2qpwKQ=
github.com/Manapaly/goCheck2 v0.0.0-20230131115500-c0ff13ad529a h1:6alEU6mww7Z2PTPlIvKhiMqQ9zy+/PTKo4vMvAN+148=
github.com/Manapaly/goCheck2 v0.0.0-20230131115500-c0ff13ad529a/go.mod h1:C2wv+S7jxDpEFh4ygKXe/+GWw+rcyUUT943EFI9yS+s=
